
Microsoft Visual Studio Solution File, Format Version 12.00
# Visual Studio Version 16
VisualStudioVersion = 16.0.30011.22
MinimumVisualStudioVersion = 10.0.40219.1
Project("{FAE04EC0-301F-11D3-BF4B-00C04F79EFBC}") = "GeneCESI", "GeneCESI\GeneCESI.csproj", "{9B10581A-702B-43AE-9334-E8ACB34AE905}"
EndProject
Project("{FAE04EC0-301F-11D3-BF4B-00C04F79EFBC}") = "GeneCESI.Lib", "GeneCESI.Lib\GeneCESI.Lib.csproj", "{FC41CB2B-93C5-4C94-914B-1DD3A5F2465D}"
EndProject
Project("{FAE04EC0-301F-11D3-BF4B-00C04F79EFBC}") = "GeneCESI.TestIt", "GeneCESI.TestIt\GeneCESI.TestIt.csproj", "{6DE84C82-1E90-4CAE-8886-233EA996A9FF}"
EndProject
Global
	GlobalSection(SolutionConfigurationPlatforms) = preSolution
		Debug|Any CPU = Debug|Any CPU
		Release|Any CPU = Release|Any CPU
	EndGlobalSection
	GlobalSection(ProjectConfigurationPlatforms) = postSolution
		{9B10581A-702B-43AE-9334-E8ACB34AE905}.Debug|Any CPU.ActiveCfg = Debug|Any CPU
		{9B10581A-702B-43AE-9334-E8ACB34AE905}.Debug|Any CPU.Build.0 = Debug|Any CPU
		{9B10581A-702B-43AE-9334-E8ACB34AE905}.Release|Any CPU.ActiveCfg = Release|Any CPU
		{9B10581A-702B-43AE-9334-E8ACB34AE905}.Release|Any CPU.Build.0 = Release|Any CPU
		{FC41CB2B-93C5-4C94-914B-1DD3A5F2465D}.Debug|Any CPU.ActiveCfg = Debug|Any CPU
		{FC41CB2B-93C5-4C94-914B-1DD3A5F2465D}.Debug|Any CPU.Build.0 = Debug|Any CPU
		{FC41CB2B-93C5-4C94-914B-1DD3A5F2465D}.Release|Any CPU.ActiveCfg = Release|Any CPU
		{FC41CB2B-93C5-4C94-914B-1DD3A5F2465D}.Release|Any CPU.Build.0 = Release|Any CPU
		{6DE84C82-1E90-4CAE-8886-233EA996A9FF}.Debug|Any CPU.ActiveCfg = Debug|Any CPU
		{6DE84C82-1E90-4CAE-8886-233EA996A9FF}.Debug|Any CPU.Build.0 = Debug|Any CPU
		{6DE84C82-1E90-4CAE-8886-233EA996A9FF}.Release|Any CPU.ActiveCfg = Release|Any CPU
		{6DE84C82-1E90-4CAE-8886-233EA996A9FF}.Release|Any CPU.Build.0 = Release|Any CPU
	EndGlobalSection
	GlobalSection(SolutionProperties) = preSolution
		HideSolutionNode = FALSE
	EndGlobalSection
	GlobalSection(ExtensibilityGlobals) = postSolution
		SolutionGuid = {62C0EE71-7364-46E8-84ED-1CA114FC8E72}
	EndGlobalSection
EndGlobal
